
Microsoft Visual Studio Solution File, Format Version 12.00
# Visual Studio Version 17
VisualStudioVersion = 17.12.35521.163
MinimumVisualStudioVersion = 10.0.40219.1
Project("{FAE04EC0-301F-11D3-BF4B-00C04F79EFBC}") = "MainServicesClassLibrary", "MainServicesClassLibrary\MainServicesClassLibrary.csproj", "{3163D281-C413-4C4F-AE26-446CF0CC6153}"
EndProject
Project("{FAE04EC0-301F-11D3-BF4B-00C04F79EFBC}") = "MainServicesClassLibraryTests", "MainServicesClassLibraryTests\MainServicesClassLibraryTests.csproj", "{A98BB790-D0A9-4A04-B429-DBD53764FD20}"
EndProject
Project("{FAE04EC0-301F-11D3-BF4B-00C04F79EFBC}") = "MainConsoleApp", "MainConsoleApp\MainConsoleApp.csproj", "{126A6C23-F0DA-4B9F-8653-D18F39D128EC}"
EndProject
Global
	GlobalSection(SolutionConfigurationPlatforms) = preSolution
		Debug|Any CPU = Debug|Any CPU
		Release|Any CPU = Release|Any CPU
	EndGlobalSection
	GlobalSection(ProjectConfigurationPlatforms) = postSolution
		{3163D281-C413-4C4F-AE26-446CF0CC6153}.Debug|Any CPU.ActiveCfg = Debug|Any CPU
		{3163D281-C413-4C4F-AE26-446CF0CC6153}.Debug|Any CPU.Build.0 = Debug|Any CPU
		{3163D281-C413-4C4F-AE26-446CF0CC6153}.Release|Any CPU.ActiveCfg = Release|Any CPU
		{3163D281-C413-4C4F-AE26-446CF0CC6153}.Release|Any CPU.Build.0 = Release|Any CPU
		{A98BB790-D0A9-4A04-B429-DBD53764FD20}.Debug|Any CPU.ActiveCfg = Debug|Any CPU
		{A98BB790-D0A9-4A04-B429-DBD53764FD20}.Debug|Any CPU.Build.0 = Debug|Any CPU
		{A98BB790-D0A9-4A04-B429-DBD53764FD20}.Release|Any CPU.ActiveCfg = Release|Any CPU
		{A98BB790-D0A9-4A04-B429-DBD53764FD20}.Release|Any CPU.Build.0 = Release|Any CPU
		{126A6C23-F0DA-4B9F-8653-D18F39D128EC}.Debug|Any CPU.ActiveCfg = Debug|Any CPU
		{126A6C23-F0DA-4B9F-8653-D18F39D128EC}.Debug|Any CPU.Build.0 = Debug|Any CPU
		{126A6C23-F0DA-4B9F-8653-D18F39D128EC}.Release|Any CPU.ActiveCfg = Release|Any CPU
		{126A6C23-F0DA-4B9F-8653-D18F39D128EC}.Release|Any CPU.Build.0 = Release|Any CPU
	EndGlobalSection
	GlobalSection(SolutionProperties) = preSolution
		HideSolutionNode = FALSE
	EndGlobalSection
EndGlobal
